
Microsoft Visual Studio Solution File, Format Version 12.00
# Visual Studio 15
VisualStudioVersion = 15.0.27703.2047
MinimumVisualStudioVersion = 10.0.40219.1
Project("{FAE04EC0-301F-11D3-BF4B-00C04F79EFBC}") = "redsocial.api", "redsocial.api\redsocial.api.csproj", "{261111FE-FF66-47B3-945D-B98AEEA1D9FA}"
EndProject
Project("{FAE04EC0-301F-11D3-BF4B-00C04F79EFBC}") = "Redsocial.dominio", "Redsocial.dominio\Redsocial.dominio.csproj", "{B1937A16-25EF-4CE7-AD72-B800D36139D8}"
EndProject
Project("{FAE04EC0-301F-11D3-BF4B-00C04F79EFBC}") = "RedSocial.xamarin.Android", "RedSocial.xamarin\RedSocial.xamarin.Android\RedSocial.xamarin.Android.csproj", "{A81A693F-A0E9-4917-A282-FE33231612D8}"
EndProject
Project("{FAE04EC0-301F-11D3-BF4B-00C04F79EFBC}") = "RedSocial.xamarin", "RedSocial.xamarin\RedSocial.xamarin\RedSocial.xamarin.csproj", "{4F1BA106-39E0-49DA-9034-420C7BB74679}"
EndProject
Global
	GlobalSection(SolutionConfigurationPlatforms) = preSolution
		Debug|Any CPU = Debug|Any CPU
		Release|Any CPU = Release|Any CPU
	EndGlobalSection
	GlobalSection(ProjectConfigurationPlatforms) = postSolution
		{261111FE-FF66-47B3-945D-B98AEEA1D9FA}.Debug|Any CPU.ActiveCfg = Debug|Any CPU
		{261111FE-FF66-47B3-945D-B98AEEA1D9FA}.Debug|Any CPU.Build.0 = Debug|Any CPU
		{261111FE-FF66-47B3-945D-B98AEEA1D9FA}.Release|Any CPU.ActiveCfg = Release|Any CPU
		{261111FE-FF66-47B3-945D-B98AEEA1D9FA}.Release|Any CPU.Build.0 = Release|Any CPU
		{B1937A16-25EF-4CE7-AD72-B800D36139D8}.Debug|Any CPU.ActiveCfg = Debug|Any CPU
		{B1937A16-25EF-4CE7-AD72-B800D36139D8}.Debug|Any CPU.Build.0 = Debug|Any CPU
		{B1937A16-25EF-4CE7-AD72-B800D36139D8}.Release|Any CPU.ActiveCfg = Release|Any CPU
		{B1937A16-25EF-4CE7-AD72-B800D36139D8}.Release|Any CPU.Build.0 = Release|Any CPU
		{A81A693F-A0E9-4917-A282-FE33231612D8}.Debug|Any CPU.ActiveCfg = Debug|Any CPU
		{A81A693F-A0E9-4917-A282-FE33231612D8}.Debug|Any CPU.Build.0 = Debug|Any CPU
		{A81A693F-A0E9-4917-A282-FE33231612D8}.Debug|Any CPU.Deploy.0 = Debug|Any CPU
		{A81A693F-A0E9-4917-A282-FE33231612D8}.Release|Any CPU.ActiveCfg = Release|Any CPU
		{A81A693F-A0E9-4917-A282-FE33231612D8}.Release|Any CPU.Build.0 = Release|Any CPU
		{A81A693F-A0E9-4917-A282-FE33231612D8}.Release|Any CPU.Deploy.0 = Release|Any CPU
		{4F1BA106-39E0-49DA-9034-420C7BB74679}.Debug|Any CPU.ActiveCfg = Debug|Any CPU
		{4F1BA106-39E0-49DA-9034-420C7BB74679}.Debug|Any CPU.Build.0 = Debug|Any CPU
		{4F1BA106-39E0-49DA-9034-420C7BB74679}.Release|Any CPU.ActiveCfg = Release|Any CPU
		{4F1BA106-39E0-49DA-9034-420C7BB74679}.Release|Any CPU.Build.0 = Release|Any CPU
	EndGlobalSection
	GlobalSection(SolutionProperties) = preSolution
		HideSolutionNode = FALSE
	EndGlobalSection
	GlobalSection(ExtensibilityGlobals) = postSolution
		SolutionGuid = {B6C9189C-6D83-4994-A1FB-A2808911937D}
	EndGlobalSection
EndGlobal
